
Microsoft Visual Studio Solution File, Format Version 12.00
# Visual Studio Version 16
VisualStudioVersion = 16.0.30523.141
MinimumVisualStudioVersion = 10.0.40219.1
Project("{FAE04EC0-301F-11D3-BF4B-00C04F79EFBC}") = "MyFirstCoreWebApp", "MyFirstCoreWebApp\MyFirstCoreWebApp.csproj", "{063C0939-4416-4506-9DB1-01B4BFDDEF51}"
EndProject
Global
	GlobalSection(SolutionConfigurationPlatforms) = preSolution
		Debug|Any CPU = Debug|Any CPU
		Release|Any CPU = Release|Any CPU
	EndGlobalSection
	GlobalSection(ProjectConfigurationPlatforms) = postSolution
		{063C0939-4416-4506-9DB1-01B4BFDDEF51}.Debug|Any CPU.ActiveCfg = Debug|Any CPU
		{063C0939-4416-4506-9DB1-01B4BFDDEF51}.Debug|Any CPU.Build.0 = Debug|Any CPU
		{063C0939-4416-4506-9DB1-01B4BFDDEF51}.Release|Any CPU.ActiveCfg = Release|Any CPU
		{063C0939-4416-4506-9DB1-01B4BFDDEF51}.Release|Any CPU.Build.0 = Release|Any CPU
	EndGlobalSection
	GlobalSection(SolutionProperties) = preSolution
		HideSolutionNode = FALSE
	EndGlobalSection
	GlobalSection(ExtensibilityGlobals) = postSolution
		SolutionGuid = {DDEE1A66-AA1F-4CE0-B106-E1C4838445D3}
	EndGlobalSection
EndGlobal
